
Microsoft Visual Studio Solution File, Format Version 12.00
# Visual Studio Version 16
VisualStudioVersion = 16.0.30011.22
MinimumVisualStudioVersion = 10.0.40219.1
Project("{9A19103F-16F7-4668-BE54-9A1E7A4F7556}") = "JSON2CSV", "JSON2CSV\JSON2CSV.csproj", "{07414985-C486-4A52-84E5-25CC17E8B89A}"
EndProject
Project("{2150E333-8FDC-42A3-9474-1A3956D46DE8}") = "JsonExamples", "JsonExamples", "{5FD3C72C-2E81-48A1-9015-86866658B9B4}"
	ProjectSection(SolutionItems) = preProject
		..\..\..\FilesJson\Input\image.json = ..\..\..\FilesJson\Input\image.json
		..\..\..\FilesJson\Input\t.json = ..\..\..\FilesJson\Input\t.json
		..\..\..\FilesJson\Input\text.json = ..\..\..\FilesJson\Input\text.json
	EndProjectSection
EndProject
Global
	GlobalSection(SolutionConfigurationPlatforms) = preSolution
		Debug|Any CPU = Debug|Any CPU
		Release|Any CPU = Release|Any CPU
	EndGlobalSection
	GlobalSection(ProjectConfigurationPlatforms) = postSolution
		{07414985-C486-4A52-84E5-25CC17E8B89A}.Debug|Any CPU.ActiveCfg = Debug|Any CPU
		{07414985-C486-4A52-84E5-25CC17E8B89A}.Debug|Any CPU.Build.0 = Debug|Any CPU
		{07414985-C486-4A52-84E5-25CC17E8B89A}.Release|Any CPU.ActiveCfg = Release|Any CPU
		{07414985-C486-4A52-84E5-25CC17E8B89A}.Release|Any CPU.Build.0 = Release|Any CPU
	EndGlobalSection
	GlobalSection(SolutionProperties) = preSolution
		HideSolutionNode = FALSE
	EndGlobalSection
	GlobalSection(ExtensibilityGlobals) = postSolution
		SolutionGuid = {171C3B3E-6090-4853-AE71-D3DDA2D2662F}
	EndGlobalSection
EndGlobal
